
Microsoft Visual Studio Solution File, Format Version 12.00
# Visual Studio Version 17
VisualStudioVersion = 17.14.36908.2 d17.14
MinimumVisualStudioVersion = 10.0.40219.1
Project("{FAE04EC0-301F-11D3-BF4B-00C04F79EFBC}") = "InventarApp", "InventarApp\InventarApp.csproj", "{38D02444-0FD9-434A-8CC4-0782AA718833}"
EndProject
Global
	GlobalSection(SolutionConfigurationPlatforms) = preSolution
		Debug|Any CPU = Debug|Any CPU
		Release|Any CPU = Release|Any CPU
	EndGlobalSection
	GlobalSection(ProjectConfigurationPlatforms) = postSolution
		{38D02444-0FD9-434A-8CC4-0782AA718833}.Debug|Any CPU.ActiveCfg = Debug|Any CPU
		{38D02444-0FD9-434A-8CC4-0782AA718833}.Debug|Any CPU.Build.0 = Debug|Any CPU
		{38D02444-0FD9-434A-8CC4-0782AA718833}.Release|Any CPU.ActiveCfg = Release|Any CPU
		{38D02444-0FD9-434A-8CC4-0782AA718833}.Release|Any CPU.Build.0 = Release|Any CPU
	EndGlobalSection
	GlobalSection(SolutionProperties) = preSolution
		HideSolutionNode = FALSE
	EndGlobalSection
	GlobalSection(ExtensibilityGlobals) = postSolution
		SolutionGuid = {CD80BA1F-6FF2-4231-AFDD-7B845A758046}
	EndGlobalSection
EndGlobal
